// !$*UTF8*$!
{
	archiveVersion = 1;
	classes = {
	};
	objectVersion = 50;
	objects = {

/* Begin PBXBuildFile section */
		715780CF262BA89A00D1F331 /* defaultAction.swift in Sources */ = {isa = PBXBuildFile; fileRef = 715780CE262BA89A00D1F331 /* defaultAction.swift */; };
		71F34B6A2628B4FE00295255 /* AppDelegate.swift in Sources */ = {isa = PBXBuildFile; fileRef = 71F34B692628B4FE00295255 /* AppDelegate.swift */; };
		71F34B6C2628B4FE00295255 /* SceneDelegate.swift in Sources */ = {isa = PBXBuildFile; fileRef = 71F34B6B2628B4FE00295255 /* SceneDelegate.swift */; };
		71F34B6E2628B4FE00295255 /* ViewController.swift in Sources */ = {isa = PBXBuildFile; fileRef = 71F34B6D2628B4FE00295255 /* ViewController.swift */; };
		71F34B712628B4FE00295255 /* Main.storyboard in Resources */ = {isa = PBXBuildFile; fileRef = 71F34B6F2628B4FE00295255 /* Main.storyboard */; };
		71F34B732628B4FF00295255 /* Assets.xcassets in Resources */ = {isa = PBXBuildFile; fileRef = 71F34B722628B4FF00295255 /* Assets.xcassets */; };
		71F34B762628B4FF00295255 /* LaunchScreen.storyboard in Resources */ = {isa = PBXBuildFile; fileRef = 71F34B742628B4FF00295255 /* LaunchScreen.storyboard */; };
/* End PBXBuildFile section */

/* Begin PBXFileReference section */
		715780CE262BA89A00D1F331 /* defaultAction.swift */ = {isa = PBXFileReference; lastKnownFileType = sourcecode.swift; path = defaultAction.swift; sourceTree = "<group>"; };
		71F34B662628B4FE00295255 /* ThreeMinutes.app */ = {isa = PBXFileReference; explicitFileType = wrapper.application; includeInIndex = 0; path = ThreeMinutes.app; sourceTree = BUILT_PRODUCTS_DIR; };
		71F34B692628B4FE00295255 /* AppDelegate.swift */ = {isa = PBXFileReference; lastKnownFileType = sourcecode.swift; path = AppDelegate.swift; sourceTree = "<group>"; };
		71F34B6B2628B4FE00295255 /* SceneDelegate.swift */ = {isa = PBXFileReference; lastKnownFileType = sourcecode.swift; path = SceneDelegate.swift; sourceTree = "<group>"; };
		71F34B6D2628B4FE00295255 /* ViewController.swift */ = {isa = PBXFileReference; lastKnownFileType = sourcecode.swift; path = ViewController.swift; sourceTree = "<group>"; };
		71F34B702628B4FE00295255 /* Base */ = {isa = PBXFileReference; lastKnownFileType = file.storyboard; name = Base; path = Base.lproj/Main.storyboard; sourceTree = "<group>"; };
		71F34B722628B4FF00295255 /* Assets.xcassets */ = {isa = PBXFileReference; lastKnownFileType = folder.assetcatalog; path = Assets.xcassets; sourceTree = "<group>"; };
		71F34B752628B4FF00295255 /* Base */ = {isa = PBXFileReference; lastKnownFileType = file.storyboard; name = Base; path = Base.lproj/LaunchScreen.storyboard; sourceTree = "<group>"; };
		71F34B772628B4FF00295255 /* Info.plist */ = {isa = PBXFileReference; lastKnownFileType = text.plist.xml; path = Info.plist; sourceTree = "<group>"; };
/* End PBXFileReference section */

/* Begin PBXFrameworksBuildPhase section */
		71F34B632628B4FE00295255 /* Frameworks */ = {
			isa = PBXFrameworksBuildPhase;
			buildActionMask = 2147483647;
			files = (
			);
			runOnlyForDeploymentPostprocessing = 0;
		};
/* End PBXFrameworksBuildPhase section */

/* Begin PBXGroup section */
		71DBE52A26306C7100982AF2 /* Controller */ = {
			isa = PBXGroup;
			children = (
				71F34B6D2628B4FE00295255 /* ViewController.swift */,
			);
			path = Controller;
			sourceTree = "<group>";
		};
		71DBE52C26306C7F00982AF2 /* View */ = {
			isa = PBXGroup;
			children = (
				71F34B6F2628B4FE00295255 /* Main.storyboard */,
			);
			path = View;
			sourceTree = "<group>";
		};
		71DBE52D26306C8C00982AF2 /* Model */ = {
			isa = PBXGroup;
			children = (
				715780CE262BA89A00D1F331 /* defaultAction.swift */,
			);
			path = Model;
			sourceTree = "<group>";
		};
		71F34B5D2628B4FE00295255 = {
			isa = PBXGroup;
			children = (
				71F34B682628B4FE00295255 /* ThreeMinutes */,
			);
			sourceTree = "<group>";
		};
		71F34B672628B4FE00295255 /* Products */ = {
			isa = PBXGroup;
			children = (
				71F34B662628B4FE00295255 /* ThreeMinutes.app */,
			);
			name = Products;
			path = ..;
			sourceTree = "<group>";
		};
		71F34B682628B4FE00295255 /* ThreeMinutes */ = {
			isa = PBXGroup;
			children = (
				71F34B692628B4FE00295255 /* AppDelegate.swift */,
				71F34B6B2628B4FE00295255 /* SceneDelegate.swift */,
				71DBE52D26306C8C00982AF2 /* Model */,
				71DBE52C26306C7F00982AF2 /* View */,
				71DBE52A26306C7100982AF2 /* Controller */,
				71F34B722628B4FF00295255 /* Assets.xcassets */,
				71F34B742628B4FF00295255 /* LaunchScreen.storyboard */,
				71F34B772628B4FF00295255 /* Info.plist */,
				71F34B672628B4FE00295255 /* Products */,
			);
			path = ThreeMinutes;
			sourceTree = "<group>";
		};
/* End PBXGroup section */

/* Begin PBXNativeTarget section */
		71F34B652628B4FE00295255 /* ThreeMinutes */ = {
			isa = PBXNativeTarget;
			buildConfigurationList = 71F34B7A2628B4FF00295255 /* Build configuration list for PBXNativeTarget "ThreeMinutes" */;
			buildPhases = (
				71F34B622628B4FE00295255 /* Sources */,
				71F34B632628B4FE00295255 /* Frameworks */,
				71F34B642628B4FE00295255 /* Resources */,
			);
			buildRules = (
			);
			dependencies = (
			);
			name = ThreeMinutes;
			productName = ThreeMinutes;
			productReference = 71F34B662628B4FE00295255 /* ThreeMinutes.app */;
			productType = "com.apple.product-type.application";
		};
/* End PBXNativeTarget section */

/* Begin PBXProject section */
		71F34B5E2628B4FE00295255 /* Project object */ = {
			isa = PBXProject;
			attributes = {
				LastSwiftUpdateCheck = 1240;
				LastUpgradeCheck = 1240;
				TargetAttributes = {
					71F34B652628B4FE00295255 = {
						CreatedOnToolsVersion = 12.4;
					};
				};
			};
			buildConfigurationList = 71F34B612628B4FE00295255 /* Build configuration list for PBXProject "ThreeMinutes" */;
			compatibilityVersion = "Xcode 9.3";
			developmentRegion = en;
			hasScannedForEncodings = 0;
			knownRegions = (
				en,
				Base,
			);
			mainGroup = 71F34B5D2628B4FE00295255;
			productRefGroup = 71F34B672628B4FE00295255 /* Products */;
			projectDirPath = "";
			projectRoot = "";
			targets = (
				71F34B652628B4FE00295255 /* ThreeMinutes */,
			);
		};
/* End PBXProject section */

/* Begin PBXResourcesBuildPhase section */
		71F34B642628B4FE00295255 /* Resources */ = {
			isa = PBXResourcesBuildPhase;
			buildActionMask = 2147483647;
			files = (
				71F34B762628B4FF00295255 /* LaunchScreen.storyboard in Resources */,
				71F34B732628B4FF00295255 /* Assets.xcassets in Resources */,
				71F34B712628B4FE00295255 /* Main.storyboard in Resources */,
			);
			runOnlyForDeploymentPostprocessing = 0;
		};
/* End PBXResourcesBuildPhase section */

/* Begin PBXSourcesBuildPhase section */
		71F34B622628B4FE00295255 /* Sources */ = {
			isa = PBXSourcesBuildPhase;
			buildActionMask = 2147483647;
			files = (
				71F34B6E2628B4FE00295255 /* ViewController.swift in Sources */,
				715780CF262BA89A00D1F331 /* defaultAction.swift in Sources */,
				71F34B6A2628B4FE00295255 /* AppDelegate.swift in Sources */,
				71F34B6C2628B4FE00295255 /* SceneDelegate.swift in Sources */,
			);
			runOnlyForDeploymentPostprocessing = 0;
		};
/* End PBXSourcesBuildPhase section */

/* Begin PBXVariantGroup section */
		71F34B6F2628B4FE00295255 /* Main.storyboard */ = {
			isa = PBXVariantGroup;
			children = (
				71F34B702628B4FE00295255 /* Base */,
			);
			name = Main.storyboard;
			sourceTree = "<group>";
		};
		71F34B742628B4FF00295255 /* LaunchScreen.storyboard */ = {
			isa = PBXVariantGroup;
			children = (
				71F34B752628B4FF00295255 /* Base */,
			);
			name = LaunchScreen.storyboard;
			sourceTree = "<group>";
		};
/* End PBXVariantGroup section */

/* Begin XCBuildConfiguration section */
		71F34B782628B4FF00295255 /* Debug */ = {
			isa = XCBuildConfiguration;
			buildSettings = {
				ALWAYS_SEARCH_USER_PATHS = NO;
				CLANG_ANALYZER_NONNULL = YES;
				CLANG_ANALYZER_NUMBER_OBJECT_CONVERSION = YES_AGGRESSIVE;
				CLANG_CXX_LANGUAGE_STANDARD = "gnu++14";
				CLANG_CXX_LIBRARY = "libc++";
				CLANG_ENABLE_MODULES = YES;
				CLANG_ENABLE_OBJC_ARC = YES;
				CLANG_ENABLE_OBJC_WEAK = YES;
				CLANG_WARN_BLOCK_CAPTURE_AUTORELEASING = YES;
				CLANG_WARN_BOOL_CONVERSION = YES;
				CLANG_WARN_COMMA = YES;
				CLANG_WARN_CONSTANT_CONVERSION = YES;
				CLANG_WARN_DEPRECATED_OBJC_IMPLEMENTATIONS = YES;
				CLANG_WARN_DIRECT_OBJC_ISA_USAGE = YES_ERROR;
				CLANG_WARN_DOCUMENTATION_COMMENTS = YES;
				CLANG_WARN_EMPTY_BODY = YES;
				CLANG_WARN_ENUM_CONVERSION = YES;
				CLANG_WARN_INFINITE_RECURSION = YES;
				CLANG_WARN_INT_CONVERSION = YES;
				CLANG_WARN_NON_LITERAL_NULL_CONVERSION = YES;
				CLANG_WARN_OBJC_IMPLICIT_RETAIN_SELF = YES;
				CLANG_WARN_OBJC_LITERAL_CONVERSION = YES;
				CLANG_WARN_OBJC_ROOT_CLASS = YES_ERROR;
				CLANG_WARN_QUOTED_INCLUDE_IN_FRAMEWORK_HEADER = YES;
				CLANG_WARN_RANGE_LOOP_ANALYSIS = YES;
				CLANG_WARN_STRICT_PROTOTYPES = YES;
				CLANG_WARN_SUSPICIOUS_MOVE = YES;
				CLANG_WARN_UNGUARDED_AVAILABILITY = YES_AGGRESSIVE;
				CLANG_WARN_UNREACHABLE_CODE = YES;
				CLANG_WARN__DUPLICATE_METHOD_MATCH = YES;
				COPY_PHASE_STRIP = NO;
				DEBUG_INFORMATION_FORMAT = dwarf;
				ENABLE_STRICT_OBJC_MSGSEND = YES;
				ENABLE_TESTABILITY = YES;
				GCC_C_LANGUAGE_STANDARD = gnu11;
				GCC_DYNAMIC_NO_PIC = NO;
				GCC_NO_COMMON_BLOCKS = YES;
				GCC_OPTIMIZATION_LEVEL = 0;
				GCC_PREPROCESSOR_DEFINITIONS = (
					"DEBUG=1",
					"$(inherited)",
				);
				GCC_WARN_64_TO_32_BIT_CONVERSION = YES;
				GCC_WARN_ABOUT_RETURN_TYPE = YES_ERROR;
				GCC_WARN_UNDECLARED_SELECTOR = YES;
				GCC_WARN_UNINITIALIZED_AUTOS = YES_AGGRESSIVE;
				GCC_WARN_UNUSED_FUNCTION = YES;
				GCC_WARN_UNUSED_VARIABLE = YES;
				IPHONEOS_DEPLOYMENT_TARGET = 14.4;
				MTL_ENABLE_DEBUG_INFO = INCLUDE_SOURCE;
				MTL_FAST_MATH = YES;
				ONLY_ACTIVE_ARCH = YES;
				SDKROOT = iphoneos;
				SWIFT_ACTIVE_COMPILATION_CONDITIONS = DEBUG;
				SWIFT_OPTIMIZATION_LEVEL = "-Onone";
			};
			name = Debug;
		};
		71F34B792628B4FF00295255 /* Release */ = {
			isa = XCBuildConfiguration;
			buildSettings = {
				ALWAYS_SEARCH_USER_PATHS = NO;
				CLANG_ANALYZER_NONNULL = YES;
				CLANG_ANALYZER_NUMBER_OBJECT_CONVERSION = YES_AGGRESSIVE;
				CLANG_CXX_LANGUAGE_STANDARD = "gnu++14";
				CLANG_CXX_LIBRARY = "libc++";
				CLANG_ENABLE_MODULES = YES;
				CLANG_ENABLE_OBJC_ARC = YES;
				CLANG_ENABLE_OBJC_WEAK = YES;
				CLANG_WARN_BLOCK_CAPTURE_AUTORELEASING = YES;
				CLANG_WARN_BOOL_CONVERSION = YES;
				CLANG_WARN_COMMA = YES;
				CLANG_WARN_CONSTANT_CONVERSION = YES;
				CLANG_WARN_DEPRECATED_OBJC_IMPLEMENTATIONS = YES;
				CLANG_WARN_DIRECT_OBJC_ISA_USAGE = YES_ERROR;
				CLANG_WARN_DOCUMENTATION_COMMENTS = YES;
				CLANG_WARN_EMPTY_BODY = YES;
				CLANG_WARN_ENUM_CONVERSION = YES;
				CLANG_WARN_INFINITE_RECURSION = YES;
				CLANG_WARN_INT_CONVERSION = YES;
				CLANG_WARN_NON_LITERAL_NULL_CONVERSION = YES;
				CLANG_WARN_OBJC_IMPLICIT_RETAIN_SELF = YES;
				CLANG_WARN_OBJC_LITERAL_CONVERSION = YES;
				CLANG_WARN_OBJC_ROOT_CLASS = YES_ERROR;
				CLANG_WARN_QUOTED_INCLUDE_IN_FRAMEWORK_HEADER = YES;
				CLANG_WARN_RANGE_LOOP_ANALYSIS = YES;
				CLANG_WARN_STRICT_PROTOTYPES = YES;
				CLANG_WARN_SUSPICIOUS_MOVE = YES;
				CLANG_WARN_UNGUARDED_AVAILABILITY = YES_AGGRESSIVE;
				CLANG_WARN_UNREACHABLE_CODE = YES;
				CLANG_WARN__DUPLICATE_METHOD_MATCH = YES;
				COPY_PHASE_STRIP = NO;
				DEBUG_INFORMATION_FORMAT = "dwarf-with-dsym";
				ENABLE_NS_ASSERTIONS = NO;
				ENABLE_STRICT_OBJC_MSGSEND = YES;
				GCC_C_LANGUAGE_STANDARD = gnu11;
				GCC_NO_COMMON_BLOCKS = YES;
				GCC_WARN_64_TO_32_BIT_CONVERSION = YES;
				GCC_WARN_ABOUT_RETURN_TYPE = YES_ERROR;
				GCC_WARN_UNDECLARED_SELECTOR = YES;
				GCC_WARN_UNINITIALIZED_AUTOS = YES_AGGRESSIVE;
				GCC_WARN_UNUSED_FUNCTION = YES;
				GCC_WARN_UNUSED_VARIABLE = YES;
				IPHONEOS_DEPLOYMENT_TARGET = 14.4;
				MTL_ENABLE_DEBUG_INFO = NO;
				MTL_FAST_MATH = YES;
				SDKROOT = iphoneos;
				SWIFT_COMPILATION_MODE = wholemodule;
				SWIFT_OPTIMIZATION_LEVEL = "-O";
				VALIDATE_PRODUCT = YES;
			};
			name = Release;
		};
		71F34B7B2628B4FF00295255 /* Debug */ = {
			isa = XCBuildConfiguration;
			buildSettings = {
				ASSETCATALOG_COMPILER_APPICON_NAME = AppIcon;
				ASSETCATALOG_COMPILER_GLOBAL_ACCENT_COLOR_NAME = AccentColor;
				CODE_SIGN_STYLE = Automatic;
				DEVELOPMENT_TEAM = MJAPGUDWP6;
				INFOPLIST_FILE = ThreeMinutes/Info.plist;
				IPHONEOS_DEPLOYMENT_TARGET = 13.0;
				LD_RUNPATH_SEARCH_PATHS = (
					"$(inherited)",
					"@executable_path/Frameworks",
				);
				PRODUCT_BUNDLE_IDENTIFIER = com.jackluong.ThreeMinutes;
				PRODUCT_NAME = "$(TARGET_NAME)";
				SWIFT_VERSION = 5.0;
				TARGETED_DEVICE_FAMILY = 1;
			};
			name = Debug;
		};
		71F34B7C2628B4FF00295255 /* Release */ = {
			isa = XCBuildConfiguration;
			buildSettings = {
				ASSETCATALOG_COMPILER_APPICON_NAME = AppIcon;
				ASSETCATALOG_COMPILER_GLOBAL_ACCENT_COLOR_NAME = AccentColor;
				CODE_SIGN_STYLE = Automatic;
				DEVELOPMENT_TEAM = MJAPGUDWP6;
				INFOPLIST_FILE = ThreeMinutes/Info.plist;
				IPHONEOS_DEPLOYMENT_TARGET = 13.0;
				LD_RUNPATH_SEARCH_PATHS = (
					"$(inherited)",
					"@executable_path/Frameworks",
				);
				PRODUCT_BUNDLE_IDENTIFIER = com.jackluong.ThreeMinutes;
				PRODUCT_NAME = "$(TARGET_NAME)";
				SWIFT_VERSION = 5.0;
				TARGETED_DEVICE_FAMILY = 1;
			};
			name = Release;
		};
/* End XCBuildConfiguration section */

/* Begin XCConfigurationList section */
		71F34B612628B4FE00295255 /* Build configuration list for PBXProject "ThreeMinutes" */ = {
			isa = XCConfigurationList;
			buildConfigurations = (
				71F34B782628B4FF00295255 /* Debug */,
				71F34B792628B4FF00295255 /* Release */,
			);
			defaultConfigurationIsVisible = 0;
			defaultConfigurationName = Release;
		};
		71F34B7A2628B4FF00295255 /* Build configuration list for PBXNativeTarget "ThreeMinutes" */ = {
			isa = XCConfigurationList;
			buildConfigurations = (
				71F34B7B2628B4FF00295255 /* Debug */,
				71F34B7C2628B4FF00295255 /* Release */,
			);
			defaultConfigurationIsVisible = 0;
			defaultConfigurationName = Release;
		};
/* End XCConfigurationList section */
	};
	rootObject = 71F34B5E2628B4FE00295255 /* Project object */;
}
